github.com/awnumar/memcall v0.4.0 h1:B7hgZYdfH6Ot1Goaz8jGne/7i8xD4taZie/PNSFZ29g=
github.com/awnumar/memcall v0.4.0/go.mod h1:8xOx1YbfyuCg3Fy6TO8DK0kZUua3V42/goA5Ru47E8w=
github.com/foxboron/go-tpm-keyfiles v0.0.0-20251226215517-609e4778396f h1:RJ+BDPLSHQO7cSjKBqjPJSbi1qfk9WcsjQDtZiw3dZw=
github.com/foxboron/go-tpm-keyfiles v0.0.0-20251226215517-609e4778396f/go.mod h1:VHbbch/X4roIY22jL1s3qRbZhCiRIgUAF/PdSUcx2io=
github.com/golang/protobuf v1.5.3 h1:KhyjKVUg7Usr/dYsdSqoFveMYd5ko72D+zANwlG1mmg=
github.com/golang/protobuf v1.5.3/go.mod h1:XVQd3VNwM+JqD3oG2Ue2ip4fOMUkwXdXDdiuN0vRsmY=
github.com/google/go-configfs-tsm v0.2.2 h1:YnJ9rXIOj5BYD7/0DNnzs8AOp7UcvjfTvt215EWcs98=
github.com/google/go-configfs-tsm v0.2.2/go.mod h1:EL1GTDFMb5PZQWDviGfZV9n87WeGTR/JUg13RfwkgRo=
github.com/google/go-sev-guest v0.9.3 h1:GOJ+EipURdeWFl/YYdgcCxyPeMgQUWlI056iFkBD8UU=
github.com/google/go-sev-guest v0.9.3/go.mod h1:hc1R4R6f8+NcJwITs0L90fYWTsBpd1Ix+Gur15sqHDs=
github.com/google/go-tdx-guest v0.3.1 h1:gl0KvjdsD4RrJzyLefDOvFOUH3NAJri/3qvaL5m83Iw=
github.com/google/go-tdx-guest v0.3.1/go.mod h1:/rc3d7rnPykOPuY8U9saMyEps0PZDThLk/RygXm04nE=
github.com/google/go-tpm v0.9.7 h1:u89J4tUUeDTlH8xxC3CTW7OHZjbjKoHdQ9W7gCUhtxA=
github.com/google/go-tpm v0.9.7/go.mod h1:h9jEsEECg7gtLis0upRBQU+GhYVH6jMjrFxI8u6bVUY=
github.com/google/go-tpm-tools v0.4.4 h1:oiQfAIkc6xTy9Fl5NKTeTJkBTlXdHsxAofmQyxBKY98=
github.com/google/go-tpm-tools v0.4.4/go.mod h1:T8jXkp2s+eltnCDIsXR84/MTcVU9Ja7bh3Mit0pa4AY=
github.com/google/logger v1.1.1 h1:+6Z2geNxc9G+4D4oDO9njjjn2d0wN5d7uOo0vOIW1NQ=
github.com/google/logger v1.1.1/go.mod h1:BkeJZ+1FhQ+/d087r4dzojEg1u2ZX+ZqG1jTUrLM+zQ=
github.com/google/uuid v1.3.1 h1:KjJaJ9iWZ3jOFZIf1Lqf4laDRCasjl0BCmnEGxkdLb4=
github.com/google/uuid v1.3.1/go.mod h1:TIyPZe4MgqvfeYDBFedMoGGpEw/LqOeaOT+nhxU+yHo=
github.com/landlock-lsm/go-landlock v0.0.0-20241014143150-479ddab4c04c h1:nwPp7v5drD5P9tUDUGF5P6Mrg7qb/oCEJBmmjlMIwG0=
github.com/landlock-lsm/go-landlock v0.0.0-20241014143150-479ddab4c04c/go.mod h1:RSub3ourNF8Hf+swvw49Catm3s7HVf4hzdFxDUnEzdA=
github.com/pborman/uuid v1.2.1 h1:+ZZIw58t/ozdjRaXh/3awHfmWRbzYxJoAdNJxe/3pvw=
github.com/pborman/uuid v1.2.1/go.mod h1:X/NO0urCmaxf9VXbdlT7C2Yzkj2IKimNn4k+gtPdI/k=
github.com/pkg/errors v0.9.1 h1:FEBLx1zS214owpjy7qsBeixbURkuhQAwrK5UwLGTwt4=
github.com/pkg/errors v0.9.1/go.mod h1:bwawxfHBFNV+L2hUp1rHADufV3IMtnDRdf1r5NINEl0=
github.com/rogpeppe/go-internal v1.13.1 h1:KvO1DLK/DRN07sQ1LQKScxyZJuNnedQ5/wKSR38lUII=
github.com/rogpeppe/go-internal v1.13.1/go.mod h1:uMEvuHeurkdAXX61udpOXGD/AzZDWNMNyH2VO9fmH0o=
go.uber.org/multierr v1.11.0 h1:blXXJkSxSSfBVBlC76pxqeO+LN3aDfLQo+309xJstO0=
go.uber.org/multierr v1.11.0/go.mod h1:20+QtiLqy0Nd6FdQB9TLXag12DsQkrbs3htMFfDN80Y=
golang.org/x/crypto v0.46.0 h1:cKRW/pmt1pKAfetfu+RCEvjvZkA9RimPbh7bhFjGVBU=
golang.org/x/crypto v0.46.0/go.mod h1:Evb/oLKmMraqjZ2iQTwDwvCtJkczlDuTmdJXoZVzqU0=
golang.org/x/sys v0.39.0 h1:CvCKL8MeisomCi6qNZ+wbb0DN9E5AATixKsvNtMoMFk=
golang.org/x/sys v0.39.0/go.mod h1:OgkHotnGiDImocRcuBABYBEXf8A9a87e/uXjp9XT3ks=
golang.org/x/term v0.38.0 h1:PQ5pkm/rLO6HnxFR7N2lJHOZX6Kez5Y1gDSJla6jo7Q=
golang.org/x/term v0.38.0/go.mod h1:bSEAKrOT1W+VSu9TSCMtoGEOUcKxOKgl3LE5QEF/xVg=
golang.org/x/text v0.32.0 h1:ZD01bjUt1FQ9WJ0ClOL5vxgxOI/sVCNgX1YtKwcY0mU=
golang.org/x/text v0.32.0/go.mod h1:o/rUWzghvpD5TXrTIBuJU77MTaN0ljMWE47kxGJQ7jY=
golang.org/x/tools v0.39.0 h1:ik4ho21kwuQln40uelmciQPp9SipgNDdrafrYA4TmQQ=
golang.org/x/tools v0.39.0/go.mod h1:JnefbkDPyD8UU2kI5fuf8ZX4/yUeh9W877ZeBONxUqQ=
google.golang.org/protobuf v1.36.4 h1:6A3ZDJHn/eNqc1i+IdefRzy/9PokBTPvcqMySR7NNIM=
google.golang.org/protobuf v1.36.4/go.mod h1:9fA7Ob0pmnwhb644+1+CVWFRbNajQ6iRojtC/QF5bRE=
kernel.org/pub/linux/libs/security/libcap/psx v1.2.70 h1:HsB2G/rEQiYyo1bGoQqHZ/Bvd6x1rERQTNdPr1FyWjI=
kernel.org/pub/linux/libs/security/libcap/psx v1.2.70/go.mod h1:+l6Ee2F59XiJ2I6WR5ObpC1utCQJZ/VLsEbQCD8RG24=
